
Microsoft Visual Studio Solution File, Format Version 12.00
# Visual Studio Version 17
VisualStudioVersion = 17.14.36414.22 d17.14
MinimumVisualStudioVersion = 10.0.40219.1
Project("{FAE04EC0-301F-11D3-BF4B-00C04F79EFBC}") = "KavaPryct", "KavaPryct.csproj", "{6503779E-7EF5-4C73-9F7B-9CEC2B651608}"
EndProject
Global
	GlobalSection(SolutionConfigurationPlatforms) = preSolution
		Debug|Any CPU = Debug|Any CPU
		Release|Any CPU = Release|Any CPU
	EndGlobalSection
	GlobalSection(ProjectConfigurationPlatforms) = postSolution
		{6503779E-7EF5-4C73-9F7B-9CEC2B651608}.Debug|Any CPU.ActiveCfg = Debug|Any CPU
		{6503779E-7EF5-4C73-9F7B-9CEC2B651608}.Debug|Any CPU.Build.0 = Debug|Any CPU
		{6503779E-7EF5-4C73-9F7B-9CEC2B651608}.Release|Any CPU.ActiveCfg = Release|Any CPU
		{6503779E-7EF5-4C73-9F7B-9CEC2B651608}.Release|Any CPU.Build.0 = Release|Any CPU
	EndGlobalSection
	GlobalSection(SolutionProperties) = preSolution
		HideSolutionNode = FALSE
	EndGlobalSection
	GlobalSection(ExtensibilityGlobals) = postSolution
		SolutionGuid = {10FC6435-0E36-4622-9089-4B49A06E093B}
	EndGlobalSection
EndGlobal
